// !$*UTF8*$!
{
	archiveVersion = 1;
	classes = {
	};
	objectVersion = 56;
	objects = {

/* Begin PBXBuildFile section */
		873695B72C075C3C007D8D9B /* assignment31App.swift in Sources */ = {isa = PBXBuildFile; fileRef = 873695B62C075C3C007D8D9B /* assignment31App.swift */; };
		873695B92C075C3C007D8D9B /* MainScreenView.swift in Sources */ = {isa = PBXBuildFile; fileRef = 873695B82C075C3C007D8D9B /* MainScreenView.swift */; };
		873695BB2C075C3E007D8D9B /* Assets.xcassets in Resources */ = {isa = PBXBuildFile; fileRef = 873695BA2C075C3E007D8D9B /* Assets.xcassets */; };
		873695BE2C075C3E007D8D9B /* Preview Assets.xcassets in Resources */ = {isa = PBXBuildFile; fileRef = 873695BD2C075C3E007D8D9B /* Preview Assets.xcassets */; };
		873695C52C07B033007D8D9B /* Destination.swift in Sources */ = {isa = PBXBuildFile; fileRef = 873695C42C07B033007D8D9B /* Destination.swift */; };
		873695C82C07B8B1007D8D9B /* NetworkingService in Frameworks */ = {isa = PBXBuildFile; productRef = 873695C72C07B8B1007D8D9B /* NetworkingService */; };
		873695CA2C07CB85007D8D9B /* MainScreenViewViewModel.swift in Sources */ = {isa = PBXBuildFile; fileRef = 873695C92C07CB84007D8D9B /* MainScreenViewViewModel.swift */; };
		873695CD2C07CFEA007D8D9B /* DestinationDetailScreen.swift in Sources */ = {isa = PBXBuildFile; fileRef = 873695CC2C07CFEA007D8D9B /* DestinationDetailScreen.swift */; };
		873695CF2C07DAE1007D8D9B /* DestinationDetailScreenViewModel.swift in Sources */ = {isa = PBXBuildFile; fileRef = 873695CE2C07DAE1007D8D9B /* DestinationDetailScreenViewModel.swift */; };
		873695D22C07EFE3007D8D9B /* TransportPage.swift in Sources */ = {isa = PBXBuildFile; fileRef = 873695D12C07EFE2007D8D9B /* TransportPage.swift */; };
		873695D42C080C02007D8D9B /* HotelPage.swift in Sources */ = {isa = PBXBuildFile; fileRef = 873695D32C080C02007D8D9B /* HotelPage.swift */; };
		873695D62C081285007D8D9B /* HotelCell.swift in Sources */ = {isa = PBXBuildFile; fileRef = 873695D52C081285007D8D9B /* HotelCell.swift */; };
		873695D82C0812A0007D8D9B /* HotelCellViewModel.swift in Sources */ = {isa = PBXBuildFile; fileRef = 873695D72C0812A0007D8D9B /* HotelCellViewModel.swift */; };
		873695DE2C081391007D8D9B /* MustSeePage.swift in Sources */ = {isa = PBXBuildFile; fileRef = 873695DD2C081391007D8D9B /* MustSeePage.swift */; };
		873695E02C081C39007D8D9B /* MustSeePageViewModel.swift in Sources */ = {isa = PBXBuildFile; fileRef = 873695DF2C081C39007D8D9B /* MustSeePageViewModel.swift */; };
/* End PBXBuildFile section */

/* Begin PBXFileReference section */
		873695B32C075C3C007D8D9B /* assignment31.app */ = {isa = PBXFileReference; explicitFileType = wrapper.application; includeInIndex = 0; path = assignment31.app; sourceTree = BUILT_PRODUCTS_DIR; };
		873695B62C075C3C007D8D9B /* assignment31App.swift */ = {isa = PBXFileReference; lastKnownFileType = sourcecode.swift; path = assignment31App.swift; sourceTree = "<group>"; };
		873695B82C075C3C007D8D9B /* MainScreenView.swift */ = {isa = PBXFileReference; lastKnownFileType = sourcecode.swift; path = MainScreenView.swift; sourceTree = "<group>"; };
		873695BA2C075C3E007D8D9B /* Assets.xcassets */ = {isa = PBXFileReference; lastKnownFileType = folder.assetcatalog; path = Assets.xcassets; sourceTree = "<group>"; };
		873695BD2C075C3E007D8D9B /* Preview Assets.xcassets */ = {isa = PBXFileReference; lastKnownFileType = folder.assetcatalog; path = "Preview Assets.xcassets"; sourceTree = "<group>"; };
		873695C42C07B033007D8D9B /* Destination.swift */ = {isa = PBXFileReference; lastKnownFileType = sourcecode.swift; path = Destination.swift; sourceTree = "<group>"; };
		873695C92C07CB84007D8D9B /* MainScreenViewViewModel.swift */ = {isa = PBXFileReference; lastKnownFileType = sourcecode.swift; path = MainScreenViewViewModel.swift; sourceTree = "<group>"; };
		873695CC2C07CFEA007D8D9B /* DestinationDetailScreen.swift */ = {isa = PBXFileReference; lastKnownFileType = sourcecode.swift; path = DestinationDetailScreen.swift; sourceTree = "<group>"; };
		873695CE2C07DAE1007D8D9B /* DestinationDetailScreenViewModel.swift */ = {isa = PBXFileReference; lastKnownFileType = sourcecode.swift; path = DestinationDetailScreenViewModel.swift; sourceTree = "<group>"; };
		873695D12C07EFE2007D8D9B /* TransportPage.swift */ = {isa = PBXFileReference; lastKnownFileType = sourcecode.swift; path = TransportPage.swift; sourceTree = "<group>"; };
		873695D32C080C02007D8D9B /* HotelPage.swift */ = {isa = PBXFileReference; lastKnownFileType = sourcecode.swift; path = HotelPage.swift; sourceTree = "<group>"; };
		873695D52C081285007D8D9B /* HotelCell.swift */ = {isa = PBXFileReference; lastKnownFileType = sourcecode.swift; path = HotelCell.swift; sourceTree = "<group>"; };
		873695D72C0812A0007D8D9B /* HotelCellViewModel.swift */ = {isa = PBXFileReference; lastKnownFileType = sourcecode.swift; path = HotelCellViewModel.swift; sourceTree = "<group>"; };
		873695DD2C081391007D8D9B /* MustSeePage.swift */ = {isa = PBXFileReference; lastKnownFileType = sourcecode.swift; path = MustSeePage.swift; sourceTree = "<group>"; };
		873695DF2C081C39007D8D9B /* MustSeePageViewModel.swift */ = {isa = PBXFileReference; lastKnownFileType = sourcecode.swift; path = MustSeePageViewModel.swift; sourceTree = "<group>"; };
/* End PBXFileReference section */

/* Begin PBXFrameworksBuildPhase section */
		873695B02C075C3C007D8D9B /* Frameworks */ = {
			isa = PBXFrameworksBuildPhase;
			buildActionMask = 2147483647;
			files = (
				873695C82C07B8B1007D8D9B /* NetworkingService in Frameworks */,
			);
			runOnlyForDeploymentPostprocessing = 0;
		};
/* End PBXFrameworksBuildPhase section */

/* Begin PBXGroup section */
		873695AA2C075C3C007D8D9B = {
			isa = PBXGroup;
			children = (
				873695B52C075C3C007D8D9B /* assignment31 */,
				873695B42C075C3C007D8D9B /* Products */,
			);
			sourceTree = "<group>";
		};
		873695B42C075C3C007D8D9B /* Products */ = {
			isa = PBXGroup;
			children = (
				873695B32C075C3C007D8D9B /* assignment31.app */,
			);
			name = Products;
			sourceTree = "<group>";
		};
		873695B52C075C3C007D8D9B /* assignment31 */ = {
			isa = PBXGroup;
			children = (
				873695B62C075C3C007D8D9B /* assignment31App.swift */,
				873695DC2C081306007D8D9B /* Model */,
				873695CB2C07CC72007D8D9B /* Main Screen */,
				873695D02C07DAE7007D8D9B /* Destination Detail Screen */,
				873695D92C0812D2007D8D9B /* TransportPage */,
				873695DA2C0812DE007D8D9B /* HotelPage */,
				873695E12C081C65007D8D9B /* MustSeePage */,
				873695BA2C075C3E007D8D9B /* Assets.xcassets */,
				873695BC2C075C3E007D8D9B /* Preview Content */,
			);
			path = assignment31;
			sourceTree = "<group>";
		};
		873695BC2C075C3E007D8D9B /* Preview Content */ = {
			isa = PBXGroup;
			children = (
				873695BD2C075C3E007D8D9B /* Preview Assets.xcassets */,
			);
			path = "Preview Content";
			sourceTree = "<group>";
		};
		873695CB2C07CC72007D8D9B /* Main Screen */ = {
			isa = PBXGroup;
			children = (
				873695B82C075C3C007D8D9B /* MainScreenView.swift */,
				873695C92C07CB84007D8D9B /* MainScreenViewViewModel.swift */,
			);
			path = "Main Screen";
			sourceTree = "<group>";
		};
		873695D02C07DAE7007D8D9B /* Destination Detail Screen */ = {
			isa = PBXGroup;
			children = (
				873695CC2C07CFEA007D8D9B /* DestinationDetailScreen.swift */,
				873695CE2C07DAE1007D8D9B /* DestinationDetailScreenViewModel.swift */,
			);
			path = "Destination Detail Screen";
			sourceTree = "<group>";
		};
		873695D92C0812D2007D8D9B /* TransportPage */ = {
			isa = PBXGroup;
			children = (
				873695D12C07EFE2007D8D9B /* TransportPage.swift */,
			);
			path = TransportPage;
			sourceTree = "<group>";
		};
		873695DA2C0812DE007D8D9B /* HotelPage */ = {
			isa = PBXGroup;
			children = (
				873695DB2C0812E7007D8D9B /* HotelCell */,
				873695D32C080C02007D8D9B /* HotelPage.swift */,
			);
			path = HotelPage;
			sourceTree = "<group>";
		};
		873695DB2C0812E7007D8D9B /* HotelCell */ = {
			isa = PBXGroup;
			children = (
				873695D52C081285007D8D9B /* HotelCell.swift */,
				873695D72C0812A0007D8D9B /* HotelCellViewModel.swift */,
			);
			path = HotelCell;
			sourceTree = "<group>";
		};
		873695DC2C081306007D8D9B /* Model */ = {
			isa = PBXGroup;
			children = (
				873695C42C07B033007D8D9B /* Destination.swift */,
			);
			path = Model;
			sourceTree = "<group>";
		};
		873695E12C081C65007D8D9B /* MustSeePage */ = {
			isa = PBXGroup;
			children = (
				873695DD2C081391007D8D9B /* MustSeePage.swift */,
				873695DF2C081C39007D8D9B /* MustSeePageViewModel.swift */,
			);
			path = MustSeePage;
			sourceTree = "<group>";
		};
/* End PBXGroup section */

/* Begin PBXNativeTarget section */
		873695B22C075C3C007D8D9B /* assignment31 */ = {
			isa = PBXNativeTarget;
			buildConfigurationList = 873695C12C075C3E007D8D9B /* Build configuration list for PBXNativeTarget "assignment31" */;
			buildPhases = (
				873695AF2C075C3C007D8D9B /* Sources */,
				873695B02C075C3C007D8D9B /* Frameworks */,
				873695B12C075C3C007D8D9B /* Resources */,
			);
			buildRules = (
			);
			dependencies = (
			);
			name = assignment31;
			packageProductDependencies = (
				873695C72C07B8B1007D8D9B /* NetworkingService */,
			);
			productName = assignment31;
			productReference = 873695B32C075C3C007D8D9B /* assignment31.app */;
			productType = "com.apple.product-type.application";
		};
/* End PBXNativeTarget section */

/* Begin PBXProject section */
		873695AB2C075C3C007D8D9B /* Project object */ = {
			isa = PBXProject;
			attributes = {
				BuildIndependentTargetsInParallel = 1;
				LastSwiftUpdateCheck = 1540;
				LastUpgradeCheck = 1540;
				TargetAttributes = {
					873695B22C075C3C007D8D9B = {
						CreatedOnToolsVersion = 15.4;
					};
				};
			};
			buildConfigurationList = 873695AE2C075C3C007D8D9B /* Build configuration list for PBXProject "assignment31" */;
			compatibilityVersion = "Xcode 14.0";
			developmentRegion = en;
			hasScannedForEncodings = 0;
			knownRegions = (
				en,
				Base,
			);
			mainGroup = 873695AA2C075C3C007D8D9B;
			packageReferences = (
				873695C62C07B8B1007D8D9B /* XCRemoteSwiftPackageReference "NetworkingService" */,
			);
			productRefGroup = 873695B42C075C3C007D8D9B /* Products */;
			projectDirPath = "";
			projectRoot = "";
			targets = (
				873695B22C075C3C007D8D9B /* assignment31 */,
			);
		};
/* End PBXProject section */

/* Begin PBXResourcesBuildPhase section */
		873695B12C075C3C007D8D9B /* Resources */ = {
			isa = PBXResourcesBuildPhase;
			buildActionMask = 2147483647;
			files = (
				873695BE2C075C3E007D8D9B /* Preview Assets.xcassets in Resources */,
				873695BB2C075C3E007D8D9B /* Assets.xcassets in Resources */,
			);
			runOnlyForDeploymentPostprocessing = 0;
		};
/* End PBXResourcesBuildPhase section */

/* Begin PBXSourcesBuildPhase section */
		873695AF2C075C3C007D8D9B /* Sources */ = {
			isa = PBXSourcesBuildPhase;
			buildActionMask = 2147483647;
			files = (
				873695CF2C07DAE1007D8D9B /* DestinationDetailScreenViewModel.swift in Sources */,
				873695CA2C07CB85007D8D9B /* MainScreenViewViewModel.swift in Sources */,
				873695B92C075C3C007D8D9B /* MainScreenView.swift in Sources */,
				873695D42C080C02007D8D9B /* HotelPage.swift in Sources */,
				873695E02C081C39007D8D9B /* MustSeePageViewModel.swift in Sources */,
				873695B72C075C3C007D8D9B /* assignment31App.swift in Sources */,
				873695CD2C07CFEA007D8D9B /* DestinationDetailScreen.swift in Sources */,
				873695D62C081285007D8D9B /* HotelCell.swift in Sources */,
				873695D82C0812A0007D8D9B /* HotelCellViewModel.swift in Sources */,
				873695DE2C081391007D8D9B /* MustSeePage.swift in Sources */,
				873695C52C07B033007D8D9B /* Destination.swift in Sources */,
				873695D22C07EFE3007D8D9B /* TransportPage.swift in Sources */,
			);
			runOnlyForDeploymentPostprocessing = 0;
		};
/* End PBXSourcesBuildPhase section */

/* Begin XCBuildConfiguration section */
		873695BF2C075C3E007D8D9B /* Debug */ = {
			isa = XCBuildConfiguration;
			buildSettings = {
				ALWAYS_SEARCH_USER_PATHS = NO;
				ASSETCATALOG_COMPILER_GENERATE_SWIFT_ASSET_SYMBOL_EXTENSIONS = YES;
				CLANG_ANALYZER_NONNULL = YES;
				CLANG_ANALYZER_NUMBER_OBJECT_CONVERSION = YES_AGGRESSIVE;
				CLANG_CXX_LANGUAGE_STANDARD = "gnu++20";
				CLANG_ENABLE_MODULES = YES;
				CLANG_ENABLE_OBJC_ARC = YES;
				CLANG_ENABLE_OBJC_WEAK = YES;
				CLANG_WARN_BLOCK_CAPTURE_AUTORELEASING = YES;
				CLANG_WARN_BOOL_CONVERSION = YES;
				CLANG_WARN_COMMA = YES;
				CLANG_WARN_CONSTANT_CONVERSION = YES;
				CLANG_WARN_DEPRECATED_OBJC_IMPLEMENTATIONS = YES;
				CLANG_WARN_DIRECT_OBJC_ISA_USAGE = YES_ERROR;
				CLANG_WARN_DOCUMENTATION_COMMENTS = YES;
				CLANG_WARN_EMPTY_BODY = YES;
				CLANG_WARN_ENUM_CONVERSION = YES;
				CLANG_WARN_INFINITE_RECURSION = YES;
				CLANG_WARN_INT_CONVERSION = YES;
				CLANG_WARN_NON_LITERAL_NULL_CONVERSION = YES;
				CLANG_WARN_OBJC_IMPLICIT_RETAIN_SELF = YES;
				CLANG_WARN_OBJC_LITERAL_CONVERSION = YES;
				CLANG_WARN_OBJC_ROOT_CLASS = YES_ERROR;
				CLANG_WARN_QUOTED_INCLUDE_IN_FRAMEWORK_HEADER = YES;
				CLANG_WARN_RANGE_LOOP_ANALYSIS = YES;
				CLANG_WARN_STRICT_PROTOTYPES = YES;
				CLANG_WARN_SUSPICIOUS_MOVE = YES;
				CLANG_WARN_UNGUARDED_AVAILABILITY = YES_AGGRESSIVE;
				CLANG_WARN_UNREACHABLE_CODE = YES;
				CLANG_WARN__DUPLICATE_METHOD_MATCH = YES;
				COPY_PHASE_STRIP = NO;
				DEBUG_INFORMATION_FORMAT = dwarf;
				ENABLE_STRICT_OBJC_MSGSEND = YES;
				ENABLE_TESTABILITY = YES;
				ENABLE_USER_SCRIPT_SANDBOXING = YES;
				GCC_C_LANGUAGE_STANDARD = gnu17;
				GCC_DYNAMIC_NO_PIC = NO;
				GCC_NO_COMMON_BLOCKS = YES;
				GCC_OPTIMIZATION_LEVEL = 0;
				GCC_PREPROCESSOR_DEFINITIONS = (
					"DEBUG=1",
					"$(inherited)",
				);
				GCC_WARN_64_TO_32_BIT_CONVERSION = YES;
				GCC_WARN_ABOUT_RETURN_TYPE = YES_ERROR;
				GCC_WARN_UNDECLARED_SELECTOR = YES;
				GCC_WARN_UNINITIALIZED_AUTOS = YES_AGGRESSIVE;
				GCC_WARN_UNUSED_FUNCTION = YES;
				GCC_WARN_UNUSED_VARIABLE = YES;
				IPHONEOS_DEPLOYMENT_TARGET = 17.5;
				LOCALIZATION_PREFERS_STRING_CATALOGS = YES;
				MTL_ENABLE_DEBUG_INFO = INCLUDE_SOURCE;
				MTL_FAST_MATH = YES;
				ONLY_ACTIVE_ARCH = YES;
				SDKROOT = iphoneos;
				SWIFT_ACTIVE_COMPILATION_CONDITIONS = "DEBUG $(inherited)";
				SWIFT_OPTIMIZATION_LEVEL = "-Onone";
			};
			name = Debug;
		};
		873695C02C075C3E007D8D9B /* Release */ = {
			isa = XCBuildConfiguration;
			buildSettings = {
				ALWAYS_SEARCH_USER_PATHS = NO;
				ASSETCATALOG_COMPILER_GENERATE_SWIFT_ASSET_SYMBOL_EXTENSIONS = YES;
				CLANG_ANALYZER_NONNULL = YES;
				CLANG_ANALYZER_NUMBER_OBJECT_CONVERSION = YES_AGGRESSIVE;
				CLANG_CXX_LANGUAGE_STANDARD = "gnu++20";
				CLANG_ENABLE_MODULES = YES;
				CLANG_ENABLE_OBJC_ARC = YES;
				CLANG_ENABLE_OBJC_WEAK = YES;
				CLANG_WARN_BLOCK_CAPTURE_AUTORELEASING = YES;
				CLANG_WARN_BOOL_CONVERSION = YES;
				CLANG_WARN_COMMA = YES;
				CLANG_WARN_CONSTANT_CONVERSION = YES;
				CLANG_WARN_DEPRECATED_OBJC_IMPLEMENTATIONS = YES;
				CLANG_WARN_DIRECT_OBJC_ISA_USAGE = YES_ERROR;
				CLANG_WARN_DOCUMENTATION_COMMENTS = YES;
				CLANG_WARN_EMPTY_BODY = YES;
				CLANG_WARN_ENUM_CONVERSION = YES;
				CLANG_WARN_INFINITE_RECURSION = YES;
				CLANG_WARN_INT_CONVERSION = YES;
				CLANG_WARN_NON_LITERAL_NULL_CONVERSION = YES;
				CLANG_WARN_OBJC_IMPLICIT_RETAIN_SELF = YES;
				CLANG_WARN_OBJC_LITERAL_CONVERSION = YES;
				CLANG_WARN_OBJC_ROOT_CLASS = YES_ERROR;
				CLANG_WARN_QUOTED_INCLUDE_IN_FRAMEWORK_HEADER = YES;
				CLANG_WARN_RANGE_LOOP_ANALYSIS = YES;
				CLANG_WARN_STRICT_PROTOTYPES = YES;
				CLANG_WARN_SUSPICIOUS_MOVE = YES;
				CLANG_WARN_UNGUARDED_AVAILABILITY = YES_AGGRESSIVE;
				CLANG_WARN_UNREACHABLE_CODE = YES;
				CLANG_WARN__DUPLICATE_METHOD_MATCH = YES;
				COPY_PHASE_STRIP = NO;
				DEBUG_INFORMATION_FORMAT = "dwarf-with-dsym";
				ENABLE_NS_ASSERTIONS = NO;
				ENABLE_STRICT_OBJC_MSGSEND = YES;
				ENABLE_USER_SCRIPT_SANDBOXING = YES;
				GCC_C_LANGUAGE_STANDARD = gnu17;
				GCC_NO_COMMON_BLOCKS = YES;
				GCC_WARN_64_TO_32_BIT_CONVERSION = YES;
				GCC_WARN_ABOUT_RETURN_TYPE = YES_ERROR;
				GCC_WARN_UNDECLARED_SELECTOR = YES;
				GCC_WARN_UNINITIALIZED_AUTOS = YES_AGGRESSIVE;
				GCC_WARN_UNUSED_FUNCTION = YES;
				GCC_WARN_UNUSED_VARIABLE = YES;
				IPHONEOS_DEPLOYMENT_TARGET = 17.5;
				LOCALIZATION_PREFERS_STRING_CATALOGS = YES;
				MTL_ENABLE_DEBUG_INFO = NO;
				MTL_FAST_MATH = YES;
				SDKROOT = iphoneos;
				SWIFT_COMPILATION_MODE = wholemodule;
				VALIDATE_PRODUCT = YES;
			};
			name = Release;
		};
		873695C22C075C3E007D8D9B /* Debug */ = {
			isa = XCBuildConfiguration;
			buildSettings = {
				ASSETCATALOG_COMPILER_APPICON_NAME = AppIcon;
				ASSETCATALOG_COMPILER_GLOBAL_ACCENT_COLOR_NAME = AccentColor;
				CODE_SIGN_STYLE = Automatic;
				CURRENT_PROJECT_VERSION = 1;
				DEVELOPMENT_ASSET_PATHS = "\"assignment31/Preview Content\"";
				DEVELOPMENT_TEAM = 3AD552Z95A;
				ENABLE_PREVIEWS = YES;
				GENERATE_INFOPLIST_FILE = YES;
				INFOPLIST_KEY_UIApplicationSceneManifest_Generation = YES;
				INFOPLIST_KEY_UIApplicationSupportsIndirectInputEvents = YES;
				INFOPLIST_KEY_UILaunchScreen_Generation = YES;
				INFOPLIST_KEY_UISupportedInterfaceOrientations_iPad = "UIInterfaceOrientationPortrait UIInterfaceOrientationPortraitUpsideDown UIInterfaceOrientationLandscapeLeft UIInterfaceOrientationLandscapeRight";
				INFOPLIST_KEY_UISupportedInterfaceOrientations_iPhone = "UIInterfaceOrientationPortrait UIInterfaceOrientationLandscapeLeft UIInterfaceOrientationLandscapeRight";
				LD_RUNPATH_SEARCH_PATHS = (
					"$(inherited)",
					"@executable_path/Frameworks",
				);
				MARKETING_VERSION = 1.0;
				PRODUCT_BUNDLE_IDENTIFIER = ge.academy.assignment31;
				PRODUCT_NAME = "$(TARGET_NAME)";
				SWIFT_EMIT_LOC_STRINGS = YES;
				SWIFT_VERSION = 5.0;
				TARGETED_DEVICE_FAMILY = "1,2";
			};
			name = Debug;
		};
		873695C32C075C3E007D8D9B /* Release */ = {
			isa = XCBuildConfiguration;
			buildSettings = {
				ASSETCATALOG_COMPILER_APPICON_NAME = AppIcon;
				ASSETCATALOG_COMPILER_GLOBAL_ACCENT_COLOR_NAME = AccentColor;
				CODE_SIGN_STYLE = Automatic;
				CURRENT_PROJECT_VERSION = 1;
				DEVELOPMENT_ASSET_PATHS = "\"assignment31/Preview Content\"";
				DEVELOPMENT_TEAM = 3AD552Z95A;
				ENABLE_PREVIEWS = YES;
				GENERATE_INFOPLIST_FILE = YES;
				INFOPLIST_KEY_UIApplicationSceneManifest_Generation = YES;
				INFOPLIST_KEY_UIApplicationSupportsIndirectInputEvents = YES;
				INFOPLIST_KEY_UILaunchScreen_Generation = YES;
				INFOPLIST_KEY_UISupportedInterfaceOrientations_iPad = "UIInterfaceOrientationPortrait UIInterfaceOrientationPortraitUpsideDown UIInterfaceOrientationLandscapeLeft UIInterfaceOrientationLandscapeRight";
				INFOPLIST_KEY_UISupportedInterfaceOrientations_iPhone = "UIInterfaceOrientationPortrait UIInterfaceOrientationLandscapeLeft UIInterfaceOrientationLandscapeRight";
				LD_RUNPATH_SEARCH_PATHS = (
					"$(inherited)",
					"@executable_path/Frameworks",
				);
				MARKETING_VERSION = 1.0;
				PRODUCT_BUNDLE_IDENTIFIER = ge.academy.assignment31;
				PRODUCT_NAME = "$(TARGET_NAME)";
				SWIFT_EMIT_LOC_STRINGS = YES;
				SWIFT_VERSION = 5.0;
				TARGETED_DEVICE_FAMILY = "1,2";
			};
			name = Release;
		};
/* End XCBuildConfiguration section */

/* Begin XCConfigurationList section */
		873695AE2C075C3C007D8D9B /* Build configuration list for PBXProject "assignment31" */ = {
			isa = XCConfigurationList;
			buildConfigurations = (
				873695BF2C075C3E007D8D9B /* Debug */,
				873695C02C075C3E007D8D9B /* Release */,
			);
			defaultConfigurationIsVisible = 0;
			defaultConfigurationName = Release;
		};
		873695C12C075C3E007D8D9B /* Build configuration list for PBXNativeTarget "assignment31" */ = {
			isa = XCConfigurationList;
			buildConfigurations = (
				873695C22C075C3E007D8D9B /* Debug */,
				873695C32C075C3E007D8D9B /* Release */,
			);
			defaultConfigurationIsVisible = 0;
			defaultConfigurationName = Release;
		};
/* End XCConfigurationList section */

/* Begin XCRemoteSwiftPackageReference section */
		873695C62C07B8B1007D8D9B /* XCRemoteSwiftPackageReference "NetworkingService" */ = {
			isa = XCRemoteSwiftPackageReference;
			repositoryURL = "https://github.com/nuca01/NetworkingService";
			requirement = {
				branch = main;
				kind = branch;
			};
		};
/* End XCRemoteSwiftPackageReference section */

/* Begin XCSwiftPackageProductDependency section */
		873695C72C07B8B1007D8D9B /* NetworkingService */ = {
			isa = XCSwiftPackageProductDependency;
			package = 873695C62C07B8B1007D8D9B /* XCRemoteSwiftPackageReference "NetworkingService" */;
			productName = NetworkingService;
		};
/* End XCSwiftPackageProductDependency section */
	};
	rootObject = 873695AB2C075C3C007D8D9B /* Project object */;
}
