// !$*UTF8*$!
{
	archiveVersion = 1;
	classes = {
	};
	objectVersion = 56;
	objects = {

/* Begin PBXBuildFile section */
		873695EF2C09CEA8007D8D9B /* assignment32App.swift in Sources */ = {isa = PBXBuildFile; fileRef = 873695EE2C09CEA8007D8D9B /* assignment32App.swift */; };
		873695F12C09CEA8007D8D9B /* ContentView.swift in Sources */ = {isa = PBXBuildFile; fileRef = 873695F02C09CEA8007D8D9B /* ContentView.swift */; };
		873695F32C09CEAA007D8D9B /* Assets.xcassets in Resources */ = {isa = PBXBuildFile; fileRef = 873695F22C09CEAA007D8D9B /* Assets.xcassets */; };
		873695F62C09CEAA007D8D9B /* Preview Assets.xcassets in Resources */ = {isa = PBXBuildFile; fileRef = 873695F52C09CEAA007D8D9B /* Preview Assets.xcassets */; };
		873695FD2C09DD3C007D8D9B /* CharactersPage.swift in Sources */ = {isa = PBXBuildFile; fileRef = 873695FC2C09DD3C007D8D9B /* CharactersPage.swift */; };
		873695FF2C09DE8C007D8D9B /* Characters.swift in Sources */ = {isa = PBXBuildFile; fileRef = 873695FE2C09DE8C007D8D9B /* Characters.swift */; };
		873696012C09E052007D8D9B /* Episode.swift in Sources */ = {isa = PBXBuildFile; fileRef = 873696002C09E052007D8D9B /* Episode.swift */; };
		873696052C09E889007D8D9B /* NetworkingService in Frameworks */ = {isa = PBXBuildFile; productRef = 873696042C09E889007D8D9B /* NetworkingService */; };
		873696072C09E8AF007D8D9B /* CharactersPageViewModel.swift in Sources */ = {isa = PBXBuildFile; fileRef = 873696062C09E8AF007D8D9B /* CharactersPageViewModel.swift */; };
		873696092C0A2852007D8D9B /* ContentViewViewModel.swift in Sources */ = {isa = PBXBuildFile; fileRef = 873696082C0A2852007D8D9B /* ContentViewViewModel.swift */; };
		8736960B2C0A3849007D8D9B /* SearchPageViewModel.swift in Sources */ = {isa = PBXBuildFile; fileRef = 8736960A2C0A3849007D8D9B /* SearchPageViewModel.swift */; };
		87B25A1F2C0A7411005D328A /* CharactersDetailsView.swift in Sources */ = {isa = PBXBuildFile; fileRef = 87B25A1E2C0A7411005D328A /* CharactersDetailsView.swift */; };
		87B25A212C0A78A1005D328A /* CharactersDetailsViewViewModel.swift in Sources */ = {isa = PBXBuildFile; fileRef = 87B25A202C0A78A1005D328A /* CharactersDetailsViewViewModel.swift */; };
		87B25A272C0A87B7005D328A /* SearchPageView.swift in Sources */ = {isa = PBXBuildFile; fileRef = 87B25A262C0A87B7005D328A /* SearchPageView.swift */; };
		87B25A2B2C0AA208005D328A /* EpisodesPage.swift in Sources */ = {isa = PBXBuildFile; fileRef = 87B25A2A2C0AA208005D328A /* EpisodesPage.swift */; };
		87B25A2D2C0AA231005D328A /* EpisodesPageViewModel.swift in Sources */ = {isa = PBXBuildFile; fileRef = 87B25A2C2C0AA231005D328A /* EpisodesPageViewModel.swift */; };
/* End PBXBuildFile section */

/* Begin PBXFileReference section */
		873695EB2C09CEA8007D8D9B /* assignment32.app */ = {isa = PBXFileReference; explicitFileType = wrapper.application; includeInIndex = 0; path = assignment32.app; sourceTree = BUILT_PRODUCTS_DIR; };
		873695EE2C09CEA8007D8D9B /* assignment32App.swift */ = {isa = PBXFileReference; lastKnownFileType = sourcecode.swift; path = assignment32App.swift; sourceTree = "<group>"; };
		873695F02C09CEA8007D8D9B /* ContentView.swift */ = {isa = PBXFileReference; lastKnownFileType = sourcecode.swift; path = ContentView.swift; sourceTree = "<group>"; };
		873695F22C09CEAA007D8D9B /* Assets.xcassets */ = {isa = PBXFileReference; lastKnownFileType = folder.assetcatalog; path = Assets.xcassets; sourceTree = "<group>"; };
		873695F52C09CEAA007D8D9B /* Preview Assets.xcassets */ = {isa = PBXFileReference; lastKnownFileType = folder.assetcatalog; path = "Preview Assets.xcassets"; sourceTree = "<group>"; };
		873695FC2C09DD3C007D8D9B /* CharactersPage.swift */ = {isa = PBXFileReference; lastKnownFileType = sourcecode.swift; path = CharactersPage.swift; sourceTree = "<group>"; };
		873695FE2C09DE8C007D8D9B /* Characters.swift */ = {isa = PBXFileReference; lastKnownFileType = sourcecode.swift; path = Characters.swift; sourceTree = "<group>"; };
		873696002C09E052007D8D9B /* Episode.swift */ = {isa = PBXFileReference; lastKnownFileType = sourcecode.swift; path = Episode.swift; sourceTree = "<group>"; };
		873696062C09E8AF007D8D9B /* CharactersPageViewModel.swift */ = {isa = PBXFileReference; lastKnownFileType = sourcecode.swift; path = CharactersPageViewModel.swift; sourceTree = "<group>"; };
		873696082C0A2852007D8D9B /* ContentViewViewModel.swift */ = {isa = PBXFileReference; lastKnownFileType = sourcecode.swift; path = ContentViewViewModel.swift; sourceTree = "<group>"; };
		8736960A2C0A3849007D8D9B /* SearchPageViewModel.swift */ = {isa = PBXFileReference; lastKnownFileType = sourcecode.swift; path = SearchPageViewModel.swift; sourceTree = "<group>"; };
		87B25A1E2C0A7411005D328A /* CharactersDetailsView.swift */ = {isa = PBXFileReference; lastKnownFileType = sourcecode.swift; path = CharactersDetailsView.swift; sourceTree = "<group>"; };
		87B25A202C0A78A1005D328A /* CharactersDetailsViewViewModel.swift */ = {isa = PBXFileReference; lastKnownFileType = sourcecode.swift; path = CharactersDetailsViewViewModel.swift; sourceTree = "<group>"; };
		87B25A262C0A87B7005D328A /* SearchPageView.swift */ = {isa = PBXFileReference; lastKnownFileType = sourcecode.swift; path = SearchPageView.swift; sourceTree = "<group>"; };
		87B25A2A2C0AA208005D328A /* EpisodesPage.swift */ = {isa = PBXFileReference; lastKnownFileType = sourcecode.swift; path = EpisodesPage.swift; sourceTree = "<group>"; };
		87B25A2C2C0AA231005D328A /* EpisodesPageViewModel.swift */ = {isa = PBXFileReference; lastKnownFileType = sourcecode.swift; path = EpisodesPageViewModel.swift; sourceTree = "<group>"; };
/* End PBXFileReference section */

/* Begin PBXFrameworksBuildPhase section */
		873695E82C09CEA8007D8D9B /* Frameworks */ = {
			isa = PBXFrameworksBuildPhase;
			buildActionMask = 2147483647;
			files = (
				873696052C09E889007D8D9B /* NetworkingService in Frameworks */,
			);
			runOnlyForDeploymentPostprocessing = 0;
		};
/* End PBXFrameworksBuildPhase section */

/* Begin PBXGroup section */
		873695E22C09CEA8007D8D9B = {
			isa = PBXGroup;
			children = (
				873695ED2C09CEA8007D8D9B /* assignment32 */,
				873695EC2C09CEA8007D8D9B /* Products */,
			);
			sourceTree = "<group>";
		};
		873695EC2C09CEA8007D8D9B /* Products */ = {
			isa = PBXGroup;
			children = (
				873695EB2C09CEA8007D8D9B /* assignment32.app */,
			);
			name = Products;
			sourceTree = "<group>";
		};
		873695ED2C09CEA8007D8D9B /* assignment32 */ = {
			isa = PBXGroup;
			children = (
				873695EE2C09CEA8007D8D9B /* assignment32App.swift */,
				873696022C09E05C007D8D9B /* Models */,
				87B25A222C0A8598005D328A /* Scenes */,
				873695F22C09CEAA007D8D9B /* Assets.xcassets */,
				873695F42C09CEAA007D8D9B /* Preview Content */,
			);
			path = assignment32;
			sourceTree = "<group>";
		};
		873695F42C09CEAA007D8D9B /* Preview Content */ = {
			isa = PBXGroup;
			children = (
				873695F52C09CEAA007D8D9B /* Preview Assets.xcassets */,
			);
			path = "Preview Content";
			sourceTree = "<group>";
		};
		873696022C09E05C007D8D9B /* Models */ = {
			isa = PBXGroup;
			children = (
				873695FE2C09DE8C007D8D9B /* Characters.swift */,
				873696002C09E052007D8D9B /* Episode.swift */,
			);
			path = Models;
			sourceTree = "<group>";
		};
		87B25A222C0A8598005D328A /* Scenes */ = {
			isa = PBXGroup;
			children = (
				87B25A232C0A85A3005D328A /* ContentView */,
				87B25A242C0A85AE005D328A /* CharactersPage */,
				87B25A282C0A982F005D328A /* SearchPage */,
				87B25A292C0A997B005D328A /* EpisodesPage */,
			);
			path = Scenes;
			sourceTree = "<group>";
		};
		87B25A232C0A85A3005D328A /* ContentView */ = {
			isa = PBXGroup;
			children = (
				873695F02C09CEA8007D8D9B /* ContentView.swift */,
				873696082C0A2852007D8D9B /* ContentViewViewModel.swift */,
			);
			path = ContentView;
			sourceTree = "<group>";
		};
		87B25A242C0A85AE005D328A /* CharactersPage */ = {
			isa = PBXGroup;
			children = (
				873695FC2C09DD3C007D8D9B /* CharactersPage.swift */,
				873696062C09E8AF007D8D9B /* CharactersPageViewModel.swift */,
				87B25A252C0A85D1005D328A /* CharactersDetailPage */,
			);
			path = CharactersPage;
			sourceTree = "<group>";
		};
		87B25A252C0A85D1005D328A /* CharactersDetailPage */ = {
			isa = PBXGroup;
			children = (
				87B25A202C0A78A1005D328A /* CharactersDetailsViewViewModel.swift */,
				87B25A1E2C0A7411005D328A /* CharactersDetailsView.swift */,
			);
			path = CharactersDetailPage;
			sourceTree = "<group>";
		};
		87B25A282C0A982F005D328A /* SearchPage */ = {
			isa = PBXGroup;
			children = (
				87B25A262C0A87B7005D328A /* SearchPageView.swift */,
				8736960A2C0A3849007D8D9B /* SearchPageViewModel.swift */,
			);
			path = SearchPage;
			sourceTree = "<group>";
		};
		87B25A292C0A997B005D328A /* EpisodesPage */ = {
			isa = PBXGroup;
			children = (
				87B25A2A2C0AA208005D328A /* EpisodesPage.swift */,
				87B25A2C2C0AA231005D328A /* EpisodesPageViewModel.swift */,
			);
			path = EpisodesPage;
			sourceTree = "<group>";
		};
/* End PBXGroup section */

/* Begin PBXNativeTarget section */
		873695EA2C09CEA8007D8D9B /* assignment32 */ = {
			isa = PBXNativeTarget;
			buildConfigurationList = 873695F92C09CEAA007D8D9B /* Build configuration list for PBXNativeTarget "assignment32" */;
			buildPhases = (
				873695E72C09CEA8007D8D9B /* Sources */,
				873695E82C09CEA8007D8D9B /* Frameworks */,
				873695E92C09CEA8007D8D9B /* Resources */,
			);
			buildRules = (
			);
			dependencies = (
			);
			name = assignment32;
			packageProductDependencies = (
				873696042C09E889007D8D9B /* NetworkingService */,
			);
			productName = assignment32;
			productReference = 873695EB2C09CEA8007D8D9B /* assignment32.app */;
			productType = "com.apple.product-type.application";
		};
/* End PBXNativeTarget section */

/* Begin PBXProject section */
		873695E32C09CEA8007D8D9B /* Project object */ = {
			isa = PBXProject;
			attributes = {
				BuildIndependentTargetsInParallel = 1;
				LastSwiftUpdateCheck = 1540;
				LastUpgradeCheck = 1540;
				TargetAttributes = {
					873695EA2C09CEA8007D8D9B = {
						CreatedOnToolsVersion = 15.4;
					};
				};
			};
			buildConfigurationList = 873695E62C09CEA8007D8D9B /* Build configuration list for PBXProject "assignment32" */;
			compatibilityVersion = "Xcode 14.0";
			developmentRegion = en;
			hasScannedForEncodings = 0;
			knownRegions = (
				en,
				Base,
			);
			mainGroup = 873695E22C09CEA8007D8D9B;
			packageReferences = (
				873696032C09E889007D8D9B /* XCRemoteSwiftPackageReference "NetworkingService" */,
			);
			productRefGroup = 873695EC2C09CEA8007D8D9B /* Products */;
			projectDirPath = "";
			projectRoot = "";
			targets = (
				873695EA2C09CEA8007D8D9B /* assignment32 */,
			);
		};
/* End PBXProject section */

/* Begin PBXResourcesBuildPhase section */
		873695E92C09CEA8007D8D9B /* Resources */ = {
			isa = PBXResourcesBuildPhase;
			buildActionMask = 2147483647;
			files = (
				873695F62C09CEAA007D8D9B /* Preview Assets.xcassets in Resources */,
				873695F32C09CEAA007D8D9B /* Assets.xcassets in Resources */,
			);
			runOnlyForDeploymentPostprocessing = 0;
		};
/* End PBXResourcesBuildPhase section */

/* Begin PBXSourcesBuildPhase section */
		873695E72C09CEA8007D8D9B /* Sources */ = {
			isa = PBXSourcesBuildPhase;
			buildActionMask = 2147483647;
			files = (
				873695F12C09CEA8007D8D9B /* ContentView.swift in Sources */,
				873695FD2C09DD3C007D8D9B /* CharactersPage.swift in Sources */,
				87B25A212C0A78A1005D328A /* CharactersDetailsViewViewModel.swift in Sources */,
				87B25A1F2C0A7411005D328A /* CharactersDetailsView.swift in Sources */,
				873696092C0A2852007D8D9B /* ContentViewViewModel.swift in Sources */,
				8736960B2C0A3849007D8D9B /* SearchPageViewModel.swift in Sources */,
				87B25A2D2C0AA231005D328A /* EpisodesPageViewModel.swift in Sources */,
				87B25A2B2C0AA208005D328A /* EpisodesPage.swift in Sources */,
				873695EF2C09CEA8007D8D9B /* assignment32App.swift in Sources */,
				87B25A272C0A87B7005D328A /* SearchPageView.swift in Sources */,
				873696072C09E8AF007D8D9B /* CharactersPageViewModel.swift in Sources */,
				873696012C09E052007D8D9B /* Episode.swift in Sources */,
				873695FF2C09DE8C007D8D9B /* Characters.swift in Sources */,
			);
			runOnlyForDeploymentPostprocessing = 0;
		};
/* End PBXSourcesBuildPhase section */

/* Begin XCBuildConfiguration section */
		873695F72C09CEAA007D8D9B /* Debug */ = {
			isa = XCBuildConfiguration;
			buildSettings = {
				ALWAYS_SEARCH_USER_PATHS = NO;
				ASSETCATALOG_COMPILER_GENERATE_SWIFT_ASSET_SYMBOL_EXTENSIONS = YES;
				CLANG_ANALYZER_NONNULL = YES;
				CLANG_ANALYZER_NUMBER_OBJECT_CONVERSION = YES_AGGRESSIVE;
				CLANG_CXX_LANGUAGE_STANDARD = "gnu++20";
				CLANG_ENABLE_MODULES = YES;
				CLANG_ENABLE_OBJC_ARC = YES;
				CLANG_ENABLE_OBJC_WEAK = YES;
				CLANG_WARN_BLOCK_CAPTURE_AUTORELEASING = YES;
				CLANG_WARN_BOOL_CONVERSION = YES;
				CLANG_WARN_COMMA = YES;
				CLANG_WARN_CONSTANT_CONVERSION = YES;
				CLANG_WARN_DEPRECATED_OBJC_IMPLEMENTATIONS = YES;
				CLANG_WARN_DIRECT_OBJC_ISA_USAGE = YES_ERROR;
				CLANG_WARN_DOCUMENTATION_COMMENTS = YES;
				CLANG_WARN_EMPTY_BODY = YES;
				CLANG_WARN_ENUM_CONVERSION = YES;
				CLANG_WARN_INFINITE_RECURSION = YES;
				CLANG_WARN_INT_CONVERSION = YES;
				CLANG_WARN_NON_LITERAL_NULL_CONVERSION = YES;
				CLANG_WARN_OBJC_IMPLICIT_RETAIN_SELF = YES;
				CLANG_WARN_OBJC_LITERAL_CONVERSION = YES;
				CLANG_WARN_OBJC_ROOT_CLASS = YES_ERROR;
				CLANG_WARN_QUOTED_INCLUDE_IN_FRAMEWORK_HEADER = YES;
				CLANG_WARN_RANGE_LOOP_ANALYSIS = YES;
				CLANG_WARN_STRICT_PROTOTYPES = YES;
				CLANG_WARN_SUSPICIOUS_MOVE = YES;
				CLANG_WARN_UNGUARDED_AVAILABILITY = YES_AGGRESSIVE;
				CLANG_WARN_UNREACHABLE_CODE = YES;
				CLANG_WARN__DUPLICATE_METHOD_MATCH = YES;
				COPY_PHASE_STRIP = NO;
				DEBUG_INFORMATION_FORMAT = dwarf;
				ENABLE_STRICT_OBJC_MSGSEND = YES;
				ENABLE_TESTABILITY = YES;
				ENABLE_USER_SCRIPT_SANDBOXING = YES;
				GCC_C_LANGUAGE_STANDARD = gnu17;
				GCC_DYNAMIC_NO_PIC = NO;
				GCC_NO_COMMON_BLOCKS = YES;
				GCC_OPTIMIZATION_LEVEL = 0;
				GCC_PREPROCESSOR_DEFINITIONS = (
					"DEBUG=1",
					"$(inherited)",
				);
				GCC_WARN_64_TO_32_BIT_CONVERSION = YES;
				GCC_WARN_ABOUT_RETURN_TYPE = YES_ERROR;
				GCC_WARN_UNDECLARED_SELECTOR = YES;
				GCC_WARN_UNINITIALIZED_AUTOS = YES_AGGRESSIVE;
				GCC_WARN_UNUSED_FUNCTION = YES;
				GCC_WARN_UNUSED_VARIABLE = YES;
				IPHONEOS_DEPLOYMENT_TARGET = 17.5;
				LOCALIZATION_PREFERS_STRING_CATALOGS = YES;
				MTL_ENABLE_DEBUG_INFO = INCLUDE_SOURCE;
				MTL_FAST_MATH = YES;
				ONLY_ACTIVE_ARCH = YES;
				SDKROOT = iphoneos;
				SWIFT_ACTIVE_COMPILATION_CONDITIONS = "DEBUG $(inherited)";
				SWIFT_OPTIMIZATION_LEVEL = "-Onone";
			};
			name = Debug;
		};
		873695F82C09CEAA007D8D9B /* Release */ = {
			isa = XCBuildConfiguration;
			buildSettings = {
				ALWAYS_SEARCH_USER_PATHS = NO;
				ASSETCATALOG_COMPILER_GENERATE_SWIFT_ASSET_SYMBOL_EXTENSIONS = YES;
				CLANG_ANALYZER_NONNULL = YES;
				CLANG_ANALYZER_NUMBER_OBJECT_CONVERSION = YES_AGGRESSIVE;
				CLANG_CXX_LANGUAGE_STANDARD = "gnu++20";
				CLANG_ENABLE_MODULES = YES;
				CLANG_ENABLE_OBJC_ARC = YES;
				CLANG_ENABLE_OBJC_WEAK = YES;
				CLANG_WARN_BLOCK_CAPTURE_AUTORELEASING = YES;
				CLANG_WARN_BOOL_CONVERSION = YES;
				CLANG_WARN_COMMA = YES;
				CLANG_WARN_CONSTANT_CONVERSION = YES;
				CLANG_WARN_DEPRECATED_OBJC_IMPLEMENTATIONS = YES;
				CLANG_WARN_DIRECT_OBJC_ISA_USAGE = YES_ERROR;
				CLANG_WARN_DOCUMENTATION_COMMENTS = YES;
				CLANG_WARN_EMPTY_BODY = YES;
				CLANG_WARN_ENUM_CONVERSION = YES;
				CLANG_WARN_INFINITE_RECURSION = YES;
				CLANG_WARN_INT_CONVERSION = YES;
				CLANG_WARN_NON_LITERAL_NULL_CONVERSION = YES;
				CLANG_WARN_OBJC_IMPLICIT_RETAIN_SELF = YES;
				CLANG_WARN_OBJC_LITERAL_CONVERSION = YES;
				CLANG_WARN_OBJC_ROOT_CLASS = YES_ERROR;
				CLANG_WARN_QUOTED_INCLUDE_IN_FRAMEWORK_HEADER = YES;
				CLANG_WARN_RANGE_LOOP_ANALYSIS = YES;
				CLANG_WARN_STRICT_PROTOTYPES = YES;
				CLANG_WARN_SUSPICIOUS_MOVE = YES;
				CLANG_WARN_UNGUARDED_AVAILABILITY = YES_AGGRESSIVE;
				CLANG_WARN_UNREACHABLE_CODE = YES;
				CLANG_WARN__DUPLICATE_METHOD_MATCH = YES;
				COPY_PHASE_STRIP = NO;
				DEBUG_INFORMATION_FORMAT = "dwarf-with-dsym";
				ENABLE_NS_ASSERTIONS = NO;
				ENABLE_STRICT_OBJC_MSGSEND = YES;
				ENABLE_USER_SCRIPT_SANDBOXING = YES;
				GCC_C_LANGUAGE_STANDARD = gnu17;
				GCC_NO_COMMON_BLOCKS = YES;
				GCC_WARN_64_TO_32_BIT_CONVERSION = YES;
				GCC_WARN_ABOUT_RETURN_TYPE = YES_ERROR;
				GCC_WARN_UNDECLARED_SELECTOR = YES;
				GCC_WARN_UNINITIALIZED_AUTOS = YES_AGGRESSIVE;
				GCC_WARN_UNUSED_FUNCTION = YES;
				GCC_WARN_UNUSED_VARIABLE = YES;
				IPHONEOS_DEPLOYMENT_TARGET = 17.5;
				LOCALIZATION_PREFERS_STRING_CATALOGS = YES;
				MTL_ENABLE_DEBUG_INFO = NO;
				MTL_FAST_MATH = YES;
				SDKROOT = iphoneos;
				SWIFT_COMPILATION_MODE = wholemodule;
				VALIDATE_PRODUCT = YES;
			};
			name = Release;
		};
		873695FA2C09CEAA007D8D9B /* Debug */ = {
			isa = XCBuildConfiguration;
			buildSettings = {
				ASSETCATALOG_COMPILER_APPICON_NAME = AppIcon;
				ASSETCATALOG_COMPILER_GLOBAL_ACCENT_COLOR_NAME = AccentColor;
				CODE_SIGN_STYLE = Automatic;
				CURRENT_PROJECT_VERSION = 1;
				DEVELOPMENT_ASSET_PATHS = "\"assignment32/Preview Content\"";
				DEVELOPMENT_TEAM = 3AD552Z95A;
				ENABLE_PREVIEWS = YES;
				GENERATE_INFOPLIST_FILE = YES;
				INFOPLIST_KEY_UIApplicationSceneManifest_Generation = YES;
				INFOPLIST_KEY_UIApplicationSupportsIndirectInputEvents = YES;
				INFOPLIST_KEY_UILaunchScreen_Generation = YES;
				INFOPLIST_KEY_UISupportedInterfaceOrientations_iPad = "UIInterfaceOrientationPortrait UIInterfaceOrientationPortraitUpsideDown UIInterfaceOrientationLandscapeLeft UIInterfaceOrientationLandscapeRight";
				INFOPLIST_KEY_UISupportedInterfaceOrientations_iPhone = "UIInterfaceOrientationPortrait UIInterfaceOrientationLandscapeLeft UIInterfaceOrientationLandscapeRight";
				LD_RUNPATH_SEARCH_PATHS = (
					"$(inherited)",
					"@executable_path/Frameworks",
				);
				MARKETING_VERSION = 1.0;
				PRODUCT_BUNDLE_IDENTIFIER = ge.academy.assignment32;
				PRODUCT_NAME = "$(TARGET_NAME)";
				SWIFT_EMIT_LOC_STRINGS = YES;
				SWIFT_VERSION = 5.0;
				TARGETED_DEVICE_FAMILY = "1,2";
			};
			name = Debug;
		};
		873695FB2C09CEAA007D8D9B /* Release */ = {
			isa = XCBuildConfiguration;
			buildSettings = {
				ASSETCATALOG_COMPILER_APPICON_NAME = AppIcon;
				ASSETCATALOG_COMPILER_GLOBAL_ACCENT_COLOR_NAME = AccentColor;
				CODE_SIGN_STYLE = Automatic;
				CURRENT_PROJECT_VERSION = 1;
				DEVELOPMENT_ASSET_PATHS = "\"assignment32/Preview Content\"";
				DEVELOPMENT_TEAM = 3AD552Z95A;
				ENABLE_PREVIEWS = YES;
				GENERATE_INFOPLIST_FILE = YES;
				INFOPLIST_KEY_UIApplicationSceneManifest_Generation = YES;
				INFOPLIST_KEY_UIApplicationSupportsIndirectInputEvents = YES;
				INFOPLIST_KEY_UILaunchScreen_Generation = YES;
				INFOPLIST_KEY_UISupportedInterfaceOrientations_iPad = "UIInterfaceOrientationPortrait UIInterfaceOrientationPortraitUpsideDown UIInterfaceOrientationLandscapeLeft UIInterfaceOrientationLandscapeRight";
				INFOPLIST_KEY_UISupportedInterfaceOrientations_iPhone = "UIInterfaceOrientationPortrait UIInterfaceOrientationLandscapeLeft UIInterfaceOrientationLandscapeRight";
				LD_RUNPATH_SEARCH_PATHS = (
					"$(inherited)",
					"@executable_path/Frameworks",
				);
				MARKETING_VERSION = 1.0;
				PRODUCT_BUNDLE_IDENTIFIER = ge.academy.assignment32;
				PRODUCT_NAME = "$(TARGET_NAME)";
				SWIFT_EMIT_LOC_STRINGS = YES;
				SWIFT_VERSION = 5.0;
				TARGETED_DEVICE_FAMILY = "1,2";
			};
			name = Release;
		};
/* End XCBuildConfiguration section */

/* Begin XCConfigurationList section */
		873695E62C09CEA8007D8D9B /* Build configuration list for PBXProject "assignment32" */ = {
			isa = XCConfigurationList;
			buildConfigurations = (
				873695F72C09CEAA007D8D9B /* Debug */,
				873695F82C09CEAA007D8D9B /* Release */,
			);
			defaultConfigurationIsVisible = 0;
			defaultConfigurationName = Release;
		};
		873695F92C09CEAA007D8D9B /* Build configuration list for PBXNativeTarget "assignment32" */ = {
			isa = XCConfigurationList;
			buildConfigurations = (
				873695FA2C09CEAA007D8D9B /* Debug */,
				873695FB2C09CEAA007D8D9B /* Release */,
			);
			defaultConfigurationIsVisible = 0;
			defaultConfigurationName = Release;
		};
/* End XCConfigurationList section */

/* Begin XCRemoteSwiftPackageReference section */
		873696032C09E889007D8D9B /* XCRemoteSwiftPackageReference "NetworkingService" */ = {
			isa = XCRemoteSwiftPackageReference;
			repositoryURL = "https://github.com/nuca01/NetworkingService";
			requirement = {
				branch = main;
				kind = branch;
			};
		};
/* End XCRemoteSwiftPackageReference section */

/* Begin XCSwiftPackageProductDependency section */
		873696042C09E889007D8D9B /* NetworkingService */ = {
			isa = XCSwiftPackageProductDependency;
			package = 873696032C09E889007D8D9B /* XCRemoteSwiftPackageReference "NetworkingService" */;
			productName = NetworkingService;
		};
/* End XCSwiftPackageProductDependency section */
	};
	rootObject = 873695E32C09CEA8007D8D9B /* Project object */;
}
