// !$*UTF8*$!
{
	archiveVersion = 1;
	classes = {
	};
	objectVersion = 56;
	objects = {

/* Begin PBXBuildFile section */
		874422F12C13B94600A60301 /* Splash Screen.storyboard in Resources */ = {isa = PBXBuildFile; fileRef = 874422F02C13B94600A60301 /* Splash Screen.storyboard */; };
		874422F62C13C7E600A60301 /* DetailsPageView.swift in Sources */ = {isa = PBXBuildFile; fileRef = 874422F52C13C7E600A60301 /* DetailsPageView.swift */; };
		874422F82C13D07A00A60301 /* Overview.swift in Sources */ = {isa = PBXBuildFile; fileRef = 874422F72C13D07A00A60301 /* Overview.swift */; };
		874422FA2C13D09F00A60301 /* DetailsPageViewModel.swift in Sources */ = {isa = PBXBuildFile; fileRef = 874422F92C13D09F00A60301 /* DetailsPageViewModel.swift */; };
		87D7E93E2C10E6900097F381 /* assignment34App.swift in Sources */ = {isa = PBXBuildFile; fileRef = 87D7E93D2C10E6900097F381 /* assignment34App.swift */; };
		87D7E9402C10E6900097F381 /* ContentView.swift in Sources */ = {isa = PBXBuildFile; fileRef = 87D7E93F2C10E6900097F381 /* ContentView.swift */; };
		87D7E9422C10E6920097F381 /* Assets.xcassets in Resources */ = {isa = PBXBuildFile; fileRef = 87D7E9412C10E6920097F381 /* Assets.xcassets */; };
		87D7E9452C10E6920097F381 /* Preview Assets.xcassets in Resources */ = {isa = PBXBuildFile; fileRef = 87D7E9442C10E6920097F381 /* Preview Assets.xcassets */; };
		87D7E94D2C10E6E80097F381 /* Movie.swift in Sources */ = {isa = PBXBuildFile; fileRef = 87D7E94C2C10E6E80097F381 /* Movie.swift */; };
		87D7E9522C10FAC50097F381 /* MovieListPageView.swift in Sources */ = {isa = PBXBuildFile; fileRef = 87D7E9512C10FAC50097F381 /* MovieListPageView.swift */; };
		87D7E9542C10FADB0097F381 /* MovieListPageViewModel.swift in Sources */ = {isa = PBXBuildFile; fileRef = 87D7E9532C10FADA0097F381 /* MovieListPageViewModel.swift */; };
		87D7E9562C1105770097F381 /* NetworkingService.swift in Sources */ = {isa = PBXBuildFile; fileRef = 87D7E9552C1105770097F381 /* NetworkingService.swift */; };
		87D7E95D2C11271E0097F381 /* SearchPageView.swift in Sources */ = {isa = PBXBuildFile; fileRef = 87D7E95C2C11271E0097F381 /* SearchPageView.swift */; };
		87D7E95F2C1129BC0097F381 /* SearchPageViewModel.swift in Sources */ = {isa = PBXBuildFile; fileRef = 87D7E95E2C1129BC0097F381 /* SearchPageViewModel.swift */; };
		87D7E9622C114FB10097F381 /* Results.swift in Sources */ = {isa = PBXBuildFile; fileRef = 87D7E9612C114FB10097F381 /* Results.swift */; };
/* End PBXBuildFile section */

/* Begin PBXFileReference section */
		874422F02C13B94600A60301 /* Splash Screen.storyboard */ = {isa = PBXFileReference; lastKnownFileType = file.storyboard; path = "Splash Screen.storyboard"; sourceTree = "<group>"; };
		874422F52C13C7E600A60301 /* DetailsPageView.swift */ = {isa = PBXFileReference; lastKnownFileType = sourcecode.swift; path = DetailsPageView.swift; sourceTree = "<group>"; };
		874422F72C13D07A00A60301 /* Overview.swift */ = {isa = PBXFileReference; lastKnownFileType = sourcecode.swift; path = Overview.swift; sourceTree = "<group>"; };
		874422F92C13D09F00A60301 /* DetailsPageViewModel.swift */ = {isa = PBXFileReference; lastKnownFileType = sourcecode.swift; path = DetailsPageViewModel.swift; sourceTree = "<group>"; };
		87D7E93A2C10E6900097F381 /* assignment34.app */ = {isa = PBXFileReference; explicitFileType = wrapper.application; includeInIndex = 0; path = assignment34.app; sourceTree = BUILT_PRODUCTS_DIR; };
		87D7E93D2C10E6900097F381 /* assignment34App.swift */ = {isa = PBXFileReference; lastKnownFileType = sourcecode.swift; path = assignment34App.swift; sourceTree = "<group>"; };
		87D7E93F2C10E6900097F381 /* ContentView.swift */ = {isa = PBXFileReference; lastKnownFileType = sourcecode.swift; path = ContentView.swift; sourceTree = "<group>"; };
		87D7E9412C10E6920097F381 /* Assets.xcassets */ = {isa = PBXFileReference; lastKnownFileType = folder.assetcatalog; path = Assets.xcassets; sourceTree = "<group>"; };
		87D7E9442C10E6920097F381 /* Preview Assets.xcassets */ = {isa = PBXFileReference; lastKnownFileType = folder.assetcatalog; path = "Preview Assets.xcassets"; sourceTree = "<group>"; };
		87D7E94C2C10E6E80097F381 /* Movie.swift */ = {isa = PBXFileReference; lastKnownFileType = sourcecode.swift; path = Movie.swift; sourceTree = "<group>"; };
		87D7E9512C10FAC50097F381 /* MovieListPageView.swift */ = {isa = PBXFileReference; lastKnownFileType = sourcecode.swift; path = MovieListPageView.swift; sourceTree = "<group>"; };
		87D7E9532C10FADA0097F381 /* MovieListPageViewModel.swift */ = {isa = PBXFileReference; lastKnownFileType = sourcecode.swift; path = MovieListPageViewModel.swift; sourceTree = "<group>"; };
		87D7E9552C1105770097F381 /* NetworkingService.swift */ = {isa = PBXFileReference; lastKnownFileType = sourcecode.swift; path = NetworkingService.swift; sourceTree = "<group>"; };
		87D7E95C2C11271E0097F381 /* SearchPageView.swift */ = {isa = PBXFileReference; lastKnownFileType = sourcecode.swift; path = SearchPageView.swift; sourceTree = "<group>"; };
		87D7E95E2C1129BC0097F381 /* SearchPageViewModel.swift */ = {isa = PBXFileReference; lastKnownFileType = sourcecode.swift; path = SearchPageViewModel.swift; sourceTree = "<group>"; };
		87D7E9612C114FB10097F381 /* Results.swift */ = {isa = PBXFileReference; lastKnownFileType = sourcecode.swift; path = Results.swift; sourceTree = "<group>"; };
/* End PBXFileReference section */

/* Begin PBXFrameworksBuildPhase section */
		87D7E9372C10E6900097F381 /* Frameworks */ = {
			isa = PBXFrameworksBuildPhase;
			buildActionMask = 2147483647;
			files = (
			);
			runOnlyForDeploymentPostprocessing = 0;
		};
/* End PBXFrameworksBuildPhase section */

/* Begin PBXGroup section */
		874422F22C13C65800A60301 /* DetailsPage */ = {
			isa = PBXGroup;
			children = (
				874422F52C13C7E600A60301 /* DetailsPageView.swift */,
				874422F92C13D09F00A60301 /* DetailsPageViewModel.swift */,
			);
			path = DetailsPage;
			sourceTree = "<group>";
		};
		87D7E9312C10E6900097F381 = {
			isa = PBXGroup;
			children = (
				87D7E93C2C10E6900097F381 /* assignment34 */,
				87D7E93B2C10E6900097F381 /* Products */,
			);
			sourceTree = "<group>";
		};
		87D7E93B2C10E6900097F381 /* Products */ = {
			isa = PBXGroup;
			children = (
				87D7E93A2C10E6900097F381 /* assignment34.app */,
			);
			name = Products;
			sourceTree = "<group>";
		};
		87D7E93C2C10E6900097F381 /* assignment34 */ = {
			isa = PBXGroup;
			children = (
				87D7E93D2C10E6900097F381 /* assignment34App.swift */,
				87D7E93F2C10E6900097F381 /* ContentView.swift */,
				87D7E94B2C10E6A50097F381 /* Models */,
				87D7E9592C1124F30097F381 /* Scenes */,
				87D7E9602C114F840097F381 /* Networking */,
				87D7E9412C10E6920097F381 /* Assets.xcassets */,
				874422F02C13B94600A60301 /* Splash Screen.storyboard */,
				87D7E9432C10E6920097F381 /* Preview Content */,
			);
			path = assignment34;
			sourceTree = "<group>";
		};
		87D7E9432C10E6920097F381 /* Preview Content */ = {
			isa = PBXGroup;
			children = (
				87D7E9442C10E6920097F381 /* Preview Assets.xcassets */,
			);
			path = "Preview Content";
			sourceTree = "<group>";
		};
		87D7E94B2C10E6A50097F381 /* Models */ = {
			isa = PBXGroup;
			children = (
				87D7E94C2C10E6E80097F381 /* Movie.swift */,
				87D7E9612C114FB10097F381 /* Results.swift */,
				874422F72C13D07A00A60301 /* Overview.swift */,
			);
			path = Models;
			sourceTree = "<group>";
		};
		87D7E94E2C10F9E00097F381 /* MovieListPage */ = {
			isa = PBXGroup;
			children = (
				87D7E9512C10FAC50097F381 /* MovieListPageView.swift */,
				87D7E9532C10FADA0097F381 /* MovieListPageViewModel.swift */,
			);
			path = MovieListPage;
			sourceTree = "<group>";
		};
		87D7E9592C1124F30097F381 /* Scenes */ = {
			isa = PBXGroup;
			children = (
				87D7E94E2C10F9E00097F381 /* MovieListPage */,
				87D7E95B2C11252C0097F381 /* SearchPage */,
				874422F22C13C65800A60301 /* DetailsPage */,
			);
			path = Scenes;
			sourceTree = "<group>";
		};
		87D7E95B2C11252C0097F381 /* SearchPage */ = {
			isa = PBXGroup;
			children = (
				87D7E95C2C11271E0097F381 /* SearchPageView.swift */,
				87D7E95E2C1129BC0097F381 /* SearchPageViewModel.swift */,
			);
			path = SearchPage;
			sourceTree = "<group>";
		};
		87D7E9602C114F840097F381 /* Networking */ = {
			isa = PBXGroup;
			children = (
				87D7E9552C1105770097F381 /* NetworkingService.swift */,
			);
			path = Networking;
			sourceTree = "<group>";
		};
/* End PBXGroup section */

/* Begin PBXNativeTarget section */
		87D7E9392C10E6900097F381 /* assignment34 */ = {
			isa = PBXNativeTarget;
			buildConfigurationList = 87D7E9482C10E6920097F381 /* Build configuration list for PBXNativeTarget "assignment34" */;
			buildPhases = (
				87D7E9362C10E6900097F381 /* Sources */,
				87D7E9372C10E6900097F381 /* Frameworks */,
				87D7E9382C10E6900097F381 /* Resources */,
			);
			buildRules = (
			);
			dependencies = (
			);
			name = assignment34;
			productName = assignment34;
			productReference = 87D7E93A2C10E6900097F381 /* assignment34.app */;
			productType = "com.apple.product-type.application";
		};
/* End PBXNativeTarget section */

/* Begin PBXProject section */
		87D7E9322C10E6900097F381 /* Project object */ = {
			isa = PBXProject;
			attributes = {
				BuildIndependentTargetsInParallel = 1;
				LastSwiftUpdateCheck = 1540;
				LastUpgradeCheck = 1540;
				TargetAttributes = {
					87D7E9392C10E6900097F381 = {
						CreatedOnToolsVersion = 15.4;
					};
				};
			};
			buildConfigurationList = 87D7E9352C10E6900097F381 /* Build configuration list for PBXProject "assignment34" */;
			compatibilityVersion = "Xcode 14.0";
			developmentRegion = en;
			hasScannedForEncodings = 0;
			knownRegions = (
				en,
				Base,
			);
			mainGroup = 87D7E9312C10E6900097F381;
			productRefGroup = 87D7E93B2C10E6900097F381 /* Products */;
			projectDirPath = "";
			projectRoot = "";
			targets = (
				87D7E9392C10E6900097F381 /* assignment34 */,
			);
		};
/* End PBXProject section */

/* Begin PBXResourcesBuildPhase section */
		87D7E9382C10E6900097F381 /* Resources */ = {
			isa = PBXResourcesBuildPhase;
			buildActionMask = 2147483647;
			files = (
				874422F12C13B94600A60301 /* Splash Screen.storyboard in Resources */,
				87D7E9452C10E6920097F381 /* Preview Assets.xcassets in Resources */,
				87D7E9422C10E6920097F381 /* Assets.xcassets in Resources */,
			);
			runOnlyForDeploymentPostprocessing = 0;
		};
/* End PBXResourcesBuildPhase section */

/* Begin PBXSourcesBuildPhase section */
		87D7E9362C10E6900097F381 /* Sources */ = {
			isa = PBXSourcesBuildPhase;
			buildActionMask = 2147483647;
			files = (
				87D7E95F2C1129BC0097F381 /* SearchPageViewModel.swift in Sources */,
				87D7E9542C10FADB0097F381 /* MovieListPageViewModel.swift in Sources */,
				87D7E9402C10E6900097F381 /* ContentView.swift in Sources */,
				87D7E9622C114FB10097F381 /* Results.swift in Sources */,
				874422F82C13D07A00A60301 /* Overview.swift in Sources */,
				874422F62C13C7E600A60301 /* DetailsPageView.swift in Sources */,
				87D7E93E2C10E6900097F381 /* assignment34App.swift in Sources */,
				87D7E9562C1105770097F381 /* NetworkingService.swift in Sources */,
				874422FA2C13D09F00A60301 /* DetailsPageViewModel.swift in Sources */,
				87D7E95D2C11271E0097F381 /* SearchPageView.swift in Sources */,
				87D7E9522C10FAC50097F381 /* MovieListPageView.swift in Sources */,
				87D7E94D2C10E6E80097F381 /* Movie.swift in Sources */,
			);
			runOnlyForDeploymentPostprocessing = 0;
		};
/* End PBXSourcesBuildPhase section */

/* Begin XCBuildConfiguration section */
		87D7E9462C10E6920097F381 /* Debug */ = {
			isa = XCBuildConfiguration;
			buildSettings = {
				ALWAYS_SEARCH_USER_PATHS = NO;
				ASSETCATALOG_COMPILER_GENERATE_SWIFT_ASSET_SYMBOL_EXTENSIONS = YES;
				CLANG_ANALYZER_NONNULL = YES;
				CLANG_ANALYZER_NUMBER_OBJECT_CONVERSION = YES_AGGRESSIVE;
				CLANG_CXX_LANGUAGE_STANDARD = "gnu++20";
				CLANG_ENABLE_MODULES = YES;
				CLANG_ENABLE_OBJC_ARC = YES;
				CLANG_ENABLE_OBJC_WEAK = YES;
				CLANG_WARN_BLOCK_CAPTURE_AUTORELEASING = YES;
				CLANG_WARN_BOOL_CONVERSION = YES;
				CLANG_WARN_COMMA = YES;
				CLANG_WARN_CONSTANT_CONVERSION = YES;
				CLANG_WARN_DEPRECATED_OBJC_IMPLEMENTATIONS = YES;
				CLANG_WARN_DIRECT_OBJC_ISA_USAGE = YES_ERROR;
				CLANG_WARN_DOCUMENTATION_COMMENTS = YES;
				CLANG_WARN_EMPTY_BODY = YES;
				CLANG_WARN_ENUM_CONVERSION = YES;
				CLANG_WARN_INFINITE_RECURSION = YES;
				CLANG_WARN_INT_CONVERSION = YES;
				CLANG_WARN_NON_LITERAL_NULL_CONVERSION = YES;
				CLANG_WARN_OBJC_IMPLICIT_RETAIN_SELF = YES;
				CLANG_WARN_OBJC_LITERAL_CONVERSION = YES;
				CLANG_WARN_OBJC_ROOT_CLASS = YES_ERROR;
				CLANG_WARN_QUOTED_INCLUDE_IN_FRAMEWORK_HEADER = YES;
				CLANG_WARN_RANGE_LOOP_ANALYSIS = YES;
				CLANG_WARN_STRICT_PROTOTYPES = YES;
				CLANG_WARN_SUSPICIOUS_MOVE = YES;
				CLANG_WARN_UNGUARDED_AVAILABILITY = YES_AGGRESSIVE;
				CLANG_WARN_UNREACHABLE_CODE = YES;
				CLANG_WARN__DUPLICATE_METHOD_MATCH = YES;
				COPY_PHASE_STRIP = NO;
				DEBUG_INFORMATION_FORMAT = dwarf;
				ENABLE_STRICT_OBJC_MSGSEND = YES;
				ENABLE_TESTABILITY = YES;
				ENABLE_USER_SCRIPT_SANDBOXING = YES;
				GCC_C_LANGUAGE_STANDARD = gnu17;
				GCC_DYNAMIC_NO_PIC = NO;
				GCC_NO_COMMON_BLOCKS = YES;
				GCC_OPTIMIZATION_LEVEL = 0;
				GCC_PREPROCESSOR_DEFINITIONS = (
					"DEBUG=1",
					"$(inherited)",
				);
				GCC_WARN_64_TO_32_BIT_CONVERSION = YES;
				GCC_WARN_ABOUT_RETURN_TYPE = YES_ERROR;
				GCC_WARN_UNDECLARED_SELECTOR = YES;
				GCC_WARN_UNINITIALIZED_AUTOS = YES_AGGRESSIVE;
				GCC_WARN_UNUSED_FUNCTION = YES;
				GCC_WARN_UNUSED_VARIABLE = YES;
				IPHONEOS_DEPLOYMENT_TARGET = 17.5;
				LOCALIZATION_PREFERS_STRING_CATALOGS = YES;
				MTL_ENABLE_DEBUG_INFO = INCLUDE_SOURCE;
				MTL_FAST_MATH = YES;
				ONLY_ACTIVE_ARCH = YES;
				SDKROOT = iphoneos;
				SWIFT_ACTIVE_COMPILATION_CONDITIONS = "DEBUG $(inherited)";
				SWIFT_OPTIMIZATION_LEVEL = "-Onone";
			};
			name = Debug;
		};
		87D7E9472C10E6920097F381 /* Release */ = {
			isa = XCBuildConfiguration;
			buildSettings = {
				ALWAYS_SEARCH_USER_PATHS = NO;
				ASSETCATALOG_COMPILER_GENERATE_SWIFT_ASSET_SYMBOL_EXTENSIONS = YES;
				CLANG_ANALYZER_NONNULL = YES;
				CLANG_ANALYZER_NUMBER_OBJECT_CONVERSION = YES_AGGRESSIVE;
				CLANG_CXX_LANGUAGE_STANDARD = "gnu++20";
				CLANG_ENABLE_MODULES = YES;
				CLANG_ENABLE_OBJC_ARC = YES;
				CLANG_ENABLE_OBJC_WEAK = YES;
				CLANG_WARN_BLOCK_CAPTURE_AUTORELEASING = YES;
				CLANG_WARN_BOOL_CONVERSION = YES;
				CLANG_WARN_COMMA = YES;
				CLANG_WARN_CONSTANT_CONVERSION = YES;
				CLANG_WARN_DEPRECATED_OBJC_IMPLEMENTATIONS = YES;
				CLANG_WARN_DIRECT_OBJC_ISA_USAGE = YES_ERROR;
				CLANG_WARN_DOCUMENTATION_COMMENTS = YES;
				CLANG_WARN_EMPTY_BODY = YES;
				CLANG_WARN_ENUM_CONVERSION = YES;
				CLANG_WARN_INFINITE_RECURSION = YES;
				CLANG_WARN_INT_CONVERSION = YES;
				CLANG_WARN_NON_LITERAL_NULL_CONVERSION = YES;
				CLANG_WARN_OBJC_IMPLICIT_RETAIN_SELF = YES;
				CLANG_WARN_OBJC_LITERAL_CONVERSION = YES;
				CLANG_WARN_OBJC_ROOT_CLASS = YES_ERROR;
				CLANG_WARN_QUOTED_INCLUDE_IN_FRAMEWORK_HEADER = YES;
				CLANG_WARN_RANGE_LOOP_ANALYSIS = YES;
				CLANG_WARN_STRICT_PROTOTYPES = YES;
				CLANG_WARN_SUSPICIOUS_MOVE = YES;
				CLANG_WARN_UNGUARDED_AVAILABILITY = YES_AGGRESSIVE;
				CLANG_WARN_UNREACHABLE_CODE = YES;
				CLANG_WARN__DUPLICATE_METHOD_MATCH = YES;
				COPY_PHASE_STRIP = NO;
				DEBUG_INFORMATION_FORMAT = "dwarf-with-dsym";
				ENABLE_NS_ASSERTIONS = NO;
				ENABLE_STRICT_OBJC_MSGSEND = YES;
				ENABLE_USER_SCRIPT_SANDBOXING = YES;
				GCC_C_LANGUAGE_STANDARD = gnu17;
				GCC_NO_COMMON_BLOCKS = YES;
				GCC_WARN_64_TO_32_BIT_CONVERSION = YES;
				GCC_WARN_ABOUT_RETURN_TYPE = YES_ERROR;
				GCC_WARN_UNDECLARED_SELECTOR = YES;
				GCC_WARN_UNINITIALIZED_AUTOS = YES_AGGRESSIVE;
				GCC_WARN_UNUSED_FUNCTION = YES;
				GCC_WARN_UNUSED_VARIABLE = YES;
				IPHONEOS_DEPLOYMENT_TARGET = 17.5;
				LOCALIZATION_PREFERS_STRING_CATALOGS = YES;
				MTL_ENABLE_DEBUG_INFO = NO;
				MTL_FAST_MATH = YES;
				SDKROOT = iphoneos;
				SWIFT_COMPILATION_MODE = wholemodule;
				VALIDATE_PRODUCT = YES;
			};
			name = Release;
		};
		87D7E9492C10E6920097F381 /* Debug */ = {
			isa = XCBuildConfiguration;
			buildSettings = {
				ASSETCATALOG_COMPILER_APPICON_NAME = AppIcon;
				ASSETCATALOG_COMPILER_GLOBAL_ACCENT_COLOR_NAME = AccentColor;
				CODE_SIGN_STYLE = Automatic;
				CURRENT_PROJECT_VERSION = 1;
				DEVELOPMENT_ASSET_PATHS = "\"assignment34/Preview Content\"";
				DEVELOPMENT_TEAM = 3AD552Z95A;
				ENABLE_PREVIEWS = YES;
				GENERATE_INFOPLIST_FILE = YES;
				INFOPLIST_KEY_UIApplicationSceneManifest_Generation = YES;
				INFOPLIST_KEY_UIApplicationSupportsIndirectInputEvents = YES;
				INFOPLIST_KEY_UILaunchScreen_Generation = YES;
				INFOPLIST_KEY_UILaunchStoryboardName = "Splash Screen.storyboard";
				INFOPLIST_KEY_UISupportedInterfaceOrientations_iPad = "UIInterfaceOrientationPortrait UIInterfaceOrientationPortraitUpsideDown UIInterfaceOrientationLandscapeLeft UIInterfaceOrientationLandscapeRight";
				INFOPLIST_KEY_UISupportedInterfaceOrientations_iPhone = "UIInterfaceOrientationPortrait UIInterfaceOrientationLandscapeLeft UIInterfaceOrientationLandscapeRight";
				IPHONEOS_DEPLOYMENT_TARGET = 16.0;
				LD_RUNPATH_SEARCH_PATHS = (
					"$(inherited)",
					"@executable_path/Frameworks",
				);
				MARKETING_VERSION = 1.0;
				PRODUCT_BUNDLE_IDENTIFIER = ge.academy.assignment34;
				PRODUCT_NAME = "$(TARGET_NAME)";
				SWIFT_EMIT_LOC_STRINGS = YES;
				SWIFT_VERSION = 5.0;
				TARGETED_DEVICE_FAMILY = "1,2";
			};
			name = Debug;
		};
		87D7E94A2C10E6920097F381 /* Release */ = {
			isa = XCBuildConfiguration;
			buildSettings = {
				ASSETCATALOG_COMPILER_APPICON_NAME = AppIcon;
				ASSETCATALOG_COMPILER_GLOBAL_ACCENT_COLOR_NAME = AccentColor;
				CODE_SIGN_STYLE = Automatic;
				CURRENT_PROJECT_VERSION = 1;
				DEVELOPMENT_ASSET_PATHS = "\"assignment34/Preview Content\"";
				DEVELOPMENT_TEAM = 3AD552Z95A;
				ENABLE_PREVIEWS = YES;
				GENERATE_INFOPLIST_FILE = YES;
				INFOPLIST_KEY_UIApplicationSceneManifest_Generation = YES;
				INFOPLIST_KEY_UIApplicationSupportsIndirectInputEvents = YES;
				INFOPLIST_KEY_UILaunchScreen_Generation = YES;
				INFOPLIST_KEY_UILaunchStoryboardName = "Splash Screen.storyboard";
				INFOPLIST_KEY_UISupportedInterfaceOrientations_iPad = "UIInterfaceOrientationPortrait UIInterfaceOrientationPortraitUpsideDown UIInterfaceOrientationLandscapeLeft UIInterfaceOrientationLandscapeRight";
				INFOPLIST_KEY_UISupportedInterfaceOrientations_iPhone = "UIInterfaceOrientationPortrait UIInterfaceOrientationLandscapeLeft UIInterfaceOrientationLandscapeRight";
				IPHONEOS_DEPLOYMENT_TARGET = 16.0;
				LD_RUNPATH_SEARCH_PATHS = (
					"$(inherited)",
					"@executable_path/Frameworks",
				);
				MARKETING_VERSION = 1.0;
				PRODUCT_BUNDLE_IDENTIFIER = ge.academy.assignment34;
				PRODUCT_NAME = "$(TARGET_NAME)";
				SWIFT_EMIT_LOC_STRINGS = YES;
				SWIFT_VERSION = 5.0;
				TARGETED_DEVICE_FAMILY = "1,2";
			};
			name = Release;
		};
/* End XCBuildConfiguration section */

/* Begin XCConfigurationList section */
		87D7E9352C10E6900097F381 /* Build configuration list for PBXProject "assignment34" */ = {
			isa = XCConfigurationList;
			buildConfigurations = (
				87D7E9462C10E6920097F381 /* Debug */,
				87D7E9472C10E6920097F381 /* Release */,
			);
			defaultConfigurationIsVisible = 0;
			defaultConfigurationName = Release;
		};
		87D7E9482C10E6920097F381 /* Build configuration list for PBXNativeTarget "assignment34" */ = {
			isa = XCConfigurationList;
			buildConfigurations = (
				87D7E9492C10E6920097F381 /* Debug */,
				87D7E94A2C10E6920097F381 /* Release */,
			);
			defaultConfigurationIsVisible = 0;
			defaultConfigurationName = Release;
		};
/* End XCConfigurationList section */
	};
	rootObject = 87D7E9322C10E6900097F381 /* Project object */;
}
